<Solution>
  <Folder Name="/Backend/">
    <Project Path="LoanAuth/LoanAuth.csproj" />
    <Project Path="LoanManagement/LoanManagement.csproj" />
  </Folder>
  <Folder Name="/Frontend/">
    <Project Path="LoanSphere_Frontend/LoanSphere_Frontend.csproj" Id="716111da-5cad-47e4-b7c5-fca255b8862a" />
  </Folder>
</Solution>
